
Microsoft Visual Studio Solution File, Format Version 12.00
Project("{FAE04EC0-301F-11D3-BF4B-00C04F79EFBC}") = "Test Git", "Test Git\Test Git.csproj", "{1DADF1EB-AA67-45B6-AA2D-362E14F31C39}"
EndProject
Global
	GlobalSection(SolutionConfigurationPlatforms) = preSolution
		Debug|Any CPU = Debug|Any CPU
		Release|Any CPU = Release|Any CPU
	EndGlobalSection
	GlobalSection(ProjectConfigurationPlatforms) = postSolution
		{1DADF1EB-AA67-45B6-AA2D-362E14F31C39}.Debug|Any CPU.ActiveCfg = Debug|Any CPU
		{1DADF1EB-AA67-45B6-AA2D-362E14F31C39}.Debug|Any CPU.Build.0 = Debug|Any CPU
		{1DADF1EB-AA67-45B6-AA2D-362E14F31C39}.Release|Any CPU.ActiveCfg = Release|Any CPU
		{1DADF1EB-AA67-45B6-AA2D-362E14F31C39}.Release|Any CPU.Build.0 = Release|Any CPU
	EndGlobalSection
EndGlobal
